// !$*UTF8*$!
{
	archiveVersion = 1;
	classes = {
	};
	objectVersion = 50;
	objects = {

/* Begin PBXBuildFile section */
		3798B6E3223555EF00379EB2 /* AppDelegate.swift in Sources */ = {isa = PBXBuildFile; fileRef = 3798B6E2223555EF00379EB2 /* AppDelegate.swift */; };
		3798B6E5223555EF00379EB2 /* ViewController.swift in Sources */ = {isa = PBXBuildFile; fileRef = 3798B6E4223555EF00379EB2 /* ViewController.swift */; };
		3798B6E8223555EF00379EB2 /* Main.storyboard in Resources */ = {isa = PBXBuildFile; fileRef = 3798B6E6223555EF00379EB2 /* Main.storyboard */; };
		3798B6EA223555F100379EB2 /* Assets.xcassets in Resources */ = {isa = PBXBuildFile; fileRef = 3798B6E9223555F100379EB2 /* Assets.xcassets */; };
		3798B6ED223555F100379EB2 /* LaunchScreen.storyboard in Resources */ = {isa = PBXBuildFile; fileRef = 3798B6EB223555F100379EB2 /* LaunchScreen.storyboard */; };
		3798B6F8223555F100379EB2 /* FortuneWheelTests.swift in Sources */ = {isa = PBXBuildFile; fileRef = 3798B6F7223555F100379EB2 /* FortuneWheelTests.swift */; };
/* End PBXBuildFile section */

/* Begin PBXContainerItemProxy section */
		3798B6F4223555F100379EB2 /* PBXContainerItemProxy */ = {
			isa = PBXContainerItemProxy;
			containerPortal = 3798B6D7223555EF00379EB2 /* Project object */;
			proxyType = 1;
			remoteGlobalIDString = 3798B6DE223555EF00379EB2;
			remoteInfo = FortuneWheel;
		};
/* End PBXContainerItemProxy section */

/* Begin PBXFileReference section */
		3798B6DF223555EF00379EB2 /* FortuneWheel.app */ = {isa = PBXFileReference; explicitFileType = wrapper.application; includeInIndex = 0; path = FortuneWheel.app; sourceTree = BUILT_PRODUCTS_DIR; };
		3798B6E2223555EF00379EB2 /* AppDelegate.swift */ = {isa = PBXFileReference; lastKnownFileType = sourcecode.swift; path = AppDelegate.swift; sourceTree = "<group>"; };
		3798B6E4223555EF00379EB2 /* ViewController.swift */ = {isa = PBXFileReference; lastKnownFileType = sourcecode.swift; path = ViewController.swift; sourceTree = "<group>"; };
		3798B6E7223555EF00379EB2 /* Base */ = {isa = PBXFileReference; lastKnownFileType = file.storyboard; name = Base; path = Base.lproj/Main.storyboard; sourceTree = "<group>"; };
		3798B6E9223555F100379EB2 /* Assets.xcassets */ = {isa = PBXFileReference; lastKnownFileType = folder.assetcatalog; path = Assets.xcassets; sourceTree = "<group>"; };
		3798B6EC223555F100379EB2 /* Base */ = {isa = PBXFileReference; lastKnownFileType = file.storyboard; name = Base; path = Base.lproj/LaunchScreen.storyboard; sourceTree = "<group>"; };
		3798B6EE223555F100379EB2 /* Info.plist */ = {isa = PBXFileReference; lastKnownFileType = text.plist.xml; path = Info.plist; sourceTree = "<group>"; };
		3798B6F3223555F100379EB2 /* FortuneWheelTests.xctest */ = {isa = PBXFileReference; explicitFileType = wrapper.cfbundle; includeInIndex = 0; path = FortuneWheelTests.xctest; sourceTree = BUILT_PRODUCTS_DIR; };
		3798B6F7223555F100379EB2 /* FortuneWheelTests.swift */ = {isa = PBXFileReference; lastKnownFileType = sourcecode.swift; path = FortuneWheelTests.swift; sourceTree = "<group>"; };
		3798B6F9223555F100379EB2 /* Info.plist */ = {isa = PBXFileReference; lastKnownFileType = text.plist.xml; path = Info.plist; sourceTree = "<group>"; };
/* End PBXFileReference section */

/* Begin PBXFrameworksBuildPhase section */
		3798B6DC223555EF00379EB2 /* Frameworks */ = {
			isa = PBXFrameworksBuildPhase;
			buildActionMask = 2147483647;
			files = (
			);
			runOnlyForDeploymentPostprocessing = 0;
		};
		3798B6F0223555F100379EB2 /* Frameworks */ = {
			isa = PBXFrameworksBuildPhase;
			buildActionMask = 2147483647;
			files = (
			);
			runOnlyForDeploymentPostprocessing = 0;
		};
/* End PBXFrameworksBuildPhase section */

/* Begin PBXGroup section */
		3798B6D6223555EF00379EB2 = {
			isa = PBXGroup;
			children = (
				3798B6E1223555EF00379EB2 /* FortuneWheel */,
				3798B6F6223555F100379EB2 /* FortuneWheelTests */,
				3798B6E0223555EF00379EB2 /* Products */,
			);
			sourceTree = "<group>";
		};
		3798B6E0223555EF00379EB2 /* Products */ = {
			isa = PBXGroup;
			children = (
				3798B6DF223555EF00379EB2 /* FortuneWheel.app */,
				3798B6F3223555F100379EB2 /* FortuneWheelTests.xctest */,
			);
			name = Products;
			sourceTree = "<group>";
		};
		3798B6E1223555EF00379EB2 /* FortuneWheel */ = {
			isa = PBXGroup;
			children = (
				3798B6E2223555EF00379EB2 /* AppDelegate.swift */,
				3798B6E4223555EF00379EB2 /* ViewController.swift */,
				3798B6E6223555EF00379EB2 /* Main.storyboard */,
				3798B6E9223555F100379EB2 /* Assets.xcassets */,
				3798B6EB223555F100379EB2 /* LaunchScreen.storyboard */,
				3798B6EE223555F100379EB2 /* Info.plist */,
			);
			path = FortuneWheel;
			sourceTree = "<group>";
		};
		3798B6F6223555F100379EB2 /* FortuneWheelTests */ = {
			isa = PBXGroup;
			children = (
				3798B6F7223555F100379EB2 /* FortuneWheelTests.swift */,
				3798B6F9223555F100379EB2 /* Info.plist */,
			);
			path = FortuneWheelTests;
			sourceTree = "<group>";
		};
/* End PBXGroup section */

/* Begin PBXNativeTarget section */
		3798B6DE223555EF00379EB2 /* FortuneWheel */ = {
			isa = PBXNativeTarget;
			buildConfigurationList = 3798B6FC223555F100379EB2 /* Build configuration list for PBXNativeTarget "FortuneWheel" */;
			buildPhases = (
				3798B6DB223555EF00379EB2 /* Sources */,
				3798B6DC223555EF00379EB2 /* Frameworks */,
				3798B6DD223555EF00379EB2 /* Resources */,
			);
			buildRules = (
			);
			dependencies = (
			);
			name = FortuneWheel;
			productName = FortuneWheel;
			productReference = 3798B6DF223555EF00379EB2 /* FortuneWheel.app */;
			productType = "com.apple.product-type.application";
		};
		3798B6F2223555F100379EB2 /* FortuneWheelTests */ = {
			isa = PBXNativeTarget;
			buildConfigurationList = 3798B6FF223555F100379EB2 /* Build configuration list for PBXNativeTarget "FortuneWheelTests" */;
			buildPhases = (
				3798B6EF223555F100379EB2 /* Sources */,
				3798B6F0223555F100379EB2 /* Frameworks */,
				3798B6F1223555F100379EB2 /* Resources */,
			);
			buildRules = (
			);
			dependencies = (
				3798B6F5223555F100379EB2 /* PBXTargetDependency */,
			);
			name = FortuneWheelTests;
			productName = FortuneWheelTests;
			productReference = 3798B6F3223555F100379EB2 /* FortuneWheelTests.xctest */;
			productType = "com.apple.product-type.bundle.unit-test";
		};
/* End PBXNativeTarget section */

/* Begin PBXProject section */
		3798B6D7223555EF00379EB2 /* Project object */ = {
			isa = PBXProject;
			attributes = {
				LastSwiftUpdateCheck = 1010;
				LastUpgradeCheck = 1010;
				ORGANIZATIONNAME = "Dan Ilies";
				TargetAttributes = {
					3798B6DE223555EF00379EB2 = {
						CreatedOnToolsVersion = 10.1;
					};
					3798B6F2223555F100379EB2 = {
						CreatedOnToolsVersion = 10.1;
						TestTargetID = 3798B6DE223555EF00379EB2;
					};
				};
			};
			buildConfigurationList = 3798B6DA223555EF00379EB2 /* Build configuration list for PBXProject "FortuneWheel" */;
			compatibilityVersion = "Xcode 9.3";
			developmentRegion = en;
			hasScannedForEncodings = 0;
			knownRegions = (
				en,
				Base,
			);
			mainGroup = 3798B6D6223555EF00379EB2;
			productRefGroup = 3798B6E0223555EF00379EB2 /* Products */;
			projectDirPath = "";
			projectRoot = "";
			targets = (
				3798B6DE223555EF00379EB2 /* FortuneWheel */,
				3798B6F2223555F100379EB2 /* FortuneWheelTests */,
			);
		};
/* End PBXProject section */

/* Begin PBXResourcesBuildPhase section */
		3798B6DD223555EF00379EB2 /* Resources */ = {
			isa = PBXResourcesBuildPhase;
			buildActionMask = 2147483647;
			files = (
				3798B6ED223555F100379EB2 /* LaunchScreen.storyboard in Resources */,
				3798B6EA223555F100379EB2 /* Assets.xcassets in Resources */,
				3798B6E8223555EF00379EB2 /* Main.storyboard in Resources */,
			);
			runOnlyForDeploymentPostprocessing = 0;
		};
		3798B6F1223555F100379EB2 /* Resources */ = {
			isa = PBXResourcesBuildPhase;
			buildActionMask = 2147483647;
			files = (
			);
			runOnlyForDeploymentPostprocessing = 0;
		};
/* End PBXResourcesBuildPhase section */

/* Begin PBXSourcesBuildPhase section */
		3798B6DB223555EF00379EB2 /* Sources */ = {
			isa = PBXSourcesBuildPhase;
			buildActionMask = 2147483647;
			files = (
				3798B6E5223555EF00379EB2 /* ViewController.swift in Sources */,
				3798B6E3223555EF00379EB2 /* AppDelegate.swift in Sources */,
			);
			runOnlyForDeploymentPostprocessing = 0;
		};
		3798B6EF223555F100379EB2 /* Sources */ = {
			isa = PBXSourcesBuildPhase;
			buildActionMask = 2147483647;
			files = (
				3798B6F8223555F100379EB2 /* FortuneWheelTests.swift in Sources */,
			);
			runOnlyForDeploymentPostprocessing = 0;
		};
/* End PBXSourcesBuildPhase section */

/* Begin PBXTargetDependency section */
		3798B6F5223555F100379EB2 /* PBXTargetDependency */ = {
			isa = PBXTargetDependency;
			target = 3798B6DE223555EF00379EB2 /* FortuneWheel */;
			targetProxy = 3798B6F4223555F100379EB2 /* PBXContainerItemProxy */;
		};
/* End PBXTargetDependency section */

/* Begin PBXVariantGroup section */
		3798B6E6223555EF00379EB2 /* Main.storyboard */ = {
			isa = PBXVariantGroup;
			children = (
				3798B6E7223555EF00379EB2 /* Base */,
			);
			name = Main.storyboard;
			sourceTree = "<group>";
		};
		3798B6EB223555F100379EB2 /* LaunchScreen.storyboard */ = {
			isa = PBXVariantGroup;
			children = (
				3798B6EC223555F100379EB2 /* Base */,
			);
			name = LaunchScreen.storyboard;
			sourceTree = "<group>";
		};
/* End PBXVariantGroup section */

/* Begin XCBuildConfiguration section */
		3798B6FA223555F100379EB2 /* Debug */ = {
			isa = XCBuildConfiguration;
			buildSettings = {
				ALWAYS_SEARCH_USER_PATHS = NO;
				CLANG_ANALYZER_NONNULL = YES;
				CLANG_ANALYZER_NUMBER_OBJECT_CONVERSION = YES_AGGRESSIVE;
				CLANG_CXX_LANGUAGE_STANDARD = "gnu++14";
				CLANG_CXX_LIBRARY = "libc++";
				CLANG_ENABLE_MODULES = YES;
				CLANG_ENABLE_OBJC_ARC = YES;
				CLANG_ENABLE_OBJC_WEAK = YES;
				CLANG_WARN_BLOCK_CAPTURE_AUTORELEASING = YES;
				CLANG_WARN_BOOL_CONVERSION = YES;
				CLANG_WARN_COMMA = YES;
				CLANG_WARN_CONSTANT_CONVERSION = YES;
				CLANG_WARN_DEPRECATED_OBJC_IMPLEMENTATIONS = YES;
				CLANG_WARN_DIRECT_OBJC_ISA_USAGE = YES_ERROR;
				CLANG_WARN_DOCUMENTATION_COMMENTS = YES;
				CLANG_WARN_EMPTY_BODY = YES;
				CLANG_WARN_ENUM_CONVERSION = YES;
				CLANG_WARN_INFINITE_RECURSION = YES;
				CLANG_WARN_INT_CONVERSION = YES;
				CLANG_WARN_NON_LITERAL_NULL_CONVERSION = YES;
				CLANG_WARN_OBJC_IMPLICIT_RETAIN_SELF = YES;
				CLANG_WARN_OBJC_LITERAL_CONVERSION = YES;
				CLANG_WARN_OBJC_ROOT_CLASS = YES_ERROR;
				CLANG_WARN_RANGE_LOOP_ANALYSIS = YES;
				CLANG_WARN_STRICT_PROTOTYPES = YES;
				CLANG_WARN_SUSPICIOUS_MOVE = YES;
				CLANG_WARN_UNGUARDED_AVAILABILITY = YES_AGGRESSIVE;
				CLANG_WARN_UNREACHABLE_CODE = YES;
				CLANG_WARN__DUPLICATE_METHOD_MATCH = YES;
				CODE_SIGN_IDENTITY = "iPhone Developer";
				COPY_PHASE_STRIP = NO;
				DEBUG_INFORMATION_FORMAT = dwarf;
				ENABLE_STRICT_OBJC_MSGSEND = YES;
				ENABLE_TESTABILITY = YES;
				GCC_C_LANGUAGE_STANDARD = gnu11;
				GCC_DYNAMIC_NO_PIC = NO;
				GCC_NO_COMMON_BLOCKS = YES;
				GCC_OPTIMIZATION_LEVEL = 0;
				GCC_PREPROCESSOR_DEFINITIONS = (
					"DEBUG=1",
					"$(inherited)",
				);
				GCC_WARN_64_TO_32_BIT_CONVERSION = YES;
				GCC_WARN_ABOUT_RETURN_TYPE = YES_ERROR;
				GCC_WARN_UNDECLARED_SELECTOR = YES;
				GCC_WARN_UNINITIALIZED_AUTOS = YES_AGGRESSIVE;
				GCC_WARN_UNUSED_FUNCTION = YES;
				GCC_WARN_UNUSED_VARIABLE = YES;
				IPHONEOS_DEPLOYMENT_TARGET = 12.1;
				MTL_ENABLE_DEBUG_INFO = INCLUDE_SOURCE;
				MTL_FAST_MATH = YES;
				ONLY_ACTIVE_ARCH = YES;
				SDKROOT = iphoneos;
				SWIFT_ACTIVE_COMPILATION_CONDITIONS = DEBUG;
				SWIFT_OPTIMIZATION_LEVEL = "-Onone";
			};
			name = Debug;
		};
		3798B6FB223555F100379EB2 /* Release */ = {
			isa = XCBuildConfiguration;
			buildSettings = {
				ALWAYS_SEARCH_USER_PATHS = NO;
				CLANG_ANALYZER_NONNULL = YES;
				CLANG_ANALYZER_NUMBER_OBJECT_CONVERSION = YES_AGGRESSIVE;
				CLANG_CXX_LANGUAGE_STANDARD = "gnu++14";
				CLANG_CXX_LIBRARY = "libc++";
				CLANG_ENABLE_MODULES = YES;
				CLANG_ENABLE_OBJC_ARC = YES;
				CLANG_ENABLE_OBJC_WEAK = YES;
				CLANG_WARN_BLOCK_CAPTURE_AUTORELEASING = YES;
				CLANG_WARN_BOOL_CONVERSION = YES;
				CLANG_WARN_COMMA = YES;
				CLANG_WARN_CONSTANT_CONVERSION = YES;
				CLANG_WARN_DEPRECATED_OBJC_IMPLEMENTATIONS = YES;
				CLANG_WARN_DIRECT_OBJC_ISA_USAGE = YES_ERROR;
				CLANG_WARN_DOCUMENTATION_COMMENTS = YES;
				CLANG_WARN_EMPTY_BODY = YES;
				CLANG_WARN_ENUM_CONVERSION = YES;
				CLANG_WARN_INFINITE_RECURSION = YES;
				CLANG_WARN_INT_CONVERSION = YES;
				CLANG_WARN_NON_LITERAL_NULL_CONVERSION = YES;
				CLANG_WARN_OBJC_IMPLICIT_RETAIN_SELF = YES;
				CLANG_WARN_OBJC_LITERAL_CONVERSION = YES;
				CLANG_WARN_OBJC_ROOT_CLASS = YES_ERROR;
				CLANG_WARN_RANGE_LOOP_ANALYSIS = YES;
				CLANG_WARN_STRICT_PROTOTYPES = YES;
				CLANG_WARN_SUSPICIOUS_MOVE = YES;
				CLANG_WARN_UNGUARDED_AVAILABILITY = YES_AGGRESSIVE;
				CLANG_WARN_UNREACHABLE_CODE = YES;
				CLANG_WARN__DUPLICATE_METHOD_MATCH = YES;
				CODE_SIGN_IDENTITY = "iPhone Developer";
				COPY_PHASE_STRIP = NO;
				DEBUG_INFORMATION_FORMAT = "dwarf-with-dsym";
				ENABLE_NS_ASSERTIONS = NO;
				ENABLE_STRICT_OBJC_MSGSEND = YES;
				GCC_C_LANGUAGE_STANDARD = gnu11;
				GCC_NO_COMMON_BLOCKS = YES;
				GCC_WARN_64_TO_32_BIT_CONVERSION = YES;
				GCC_WARN_ABOUT_RETURN_TYPE = YES_ERROR;
				GCC_WARN_UNDECLARED_SELECTOR = YES;
				GCC_WARN_UNINITIALIZED_AUTOS = YES_AGGRESSIVE;
				GCC_WARN_UNUSED_FUNCTION = YES;
				GCC_WARN_UNUSED_VARIABLE = YES;
				IPHONEOS_DEPLOYMENT_TARGET = 12.1;
				MTL_ENABLE_DEBUG_INFO = NO;
				MTL_FAST_MATH = YES;
				SDKROOT = iphoneos;
				SWIFT_COMPILATION_MODE = wholemodule;
				SWIFT_OPTIMIZATION_LEVEL = "-O";
				VALIDATE_PRODUCT = YES;
			};
			name = Release;
		};
		3798B6FD223555F100379EB2 /* Debug */ = {
			isa = XCBuildConfiguration;
			buildSettings = {
				ASSETCATALOG_COMPILER_APPICON_NAME = AppIcon;
				CODE_SIGN_STYLE = Automatic;
				DEVELOPMENT_TEAM = KK38JJ4ALA;
				INFOPLIST_FILE = FortuneWheel/Info.plist;
				IPHONEOS_DEPLOYMENT_TARGET = 11.0;
				LD_RUNPATH_SEARCH_PATHS = (
					"$(inherited)",
					"@executable_path/Frameworks",
				);
				PRODUCT_BUNDLE_IDENTIFIER = com.dan.FortuneWheel;
				PRODUCT_NAME = "$(TARGET_NAME)";
				SWIFT_VERSION = 4.2;
				TARGETED_DEVICE_FAMILY = 1;
			};
			name = Debug;
		};
		3798B6FE223555F100379EB2 /* Release */ = {
			isa = XCBuildConfiguration;
			buildSettings = {
				ASSETCATALOG_COMPILER_APPICON_NAME = AppIcon;
				CODE_SIGN_STYLE = Automatic;
				DEVELOPMENT_TEAM = KK38JJ4ALA;
				INFOPLIST_FILE = FortuneWheel/Info.plist;
				IPHONEOS_DEPLOYMENT_TARGET = 11.0;
				LD_RUNPATH_SEARCH_PATHS = (
					"$(inherited)",
					"@executable_path/Frameworks",
				);
				PRODUCT_BUNDLE_IDENTIFIER = com.dan.FortuneWheel;
				PRODUCT_NAME = "$(TARGET_NAME)";
				SWIFT_VERSION = 4.2;
				TARGETED_DEVICE_FAMILY = 1;
			};
			name = Release;
		};
		3798B700223555F100379EB2 /* Debug */ = {
			isa = XCBuildConfiguration;
			buildSettings = {
				ALWAYS_EMBED_SWIFT_STANDARD_LIBRARIES = YES;
				BUNDLE_LOADER = "$(TEST_HOST)";
				CODE_SIGN_STYLE = Automatic;
				DEVELOPMENT_TEAM = KK38JJ4ALA;
				INFOPLIST_FILE = FortuneWheelTests/Info.plist;
				LD_RUNPATH_SEARCH_PATHS = (
					"$(inherited)",
					"@executable_path/Frameworks",
					"@loader_path/Frameworks",
				);
				PRODUCT_BUNDLE_IDENTIFIER = com.dan.FortuneWheelTests;
				PRODUCT_NAME = "$(TARGET_NAME)";
				SWIFT_VERSION = 4.2;
				TARGETED_DEVICE_FAMILY = "1,2";
				TEST_HOST = "$(BUILT_PRODUCTS_DIR)/FortuneWheel.app/FortuneWheel";
			};
			name = Debug;
		};
		3798B701223555F100379EB2 /* Release */ = {
			isa = XCBuildConfiguration;
			buildSettings = {
				ALWAYS_EMBED_SWIFT_STANDARD_LIBRARIES = YES;
				BUNDLE_LOADER = "$(TEST_HOST)";
				CODE_SIGN_STYLE = Automatic;
				DEVELOPMENT_TEAM = KK38JJ4ALA;
				INFOPLIST_FILE = FortuneWheelTests/Info.plist;
				LD_RUNPATH_SEARCH_PATHS = (
					"$(inherited)",
					"@executable_path/Frameworks",
					"@loader_path/Frameworks",
				);
				PRODUCT_BUNDLE_IDENTIFIER = com.dan.FortuneWheelTests;
				PRODUCT_NAME = "$(TARGET_NAME)";
				SWIFT_VERSION = 4.2;
				TARGETED_DEVICE_FAMILY = "1,2";
				TEST_HOST = "$(BUILT_PRODUCTS_DIR)/FortuneWheel.app/FortuneWheel";
			};
			name = Release;
		};
/* End XCBuildConfiguration section */

/* Begin XCConfigurationList section */
		3798B6DA223555EF00379EB2 /* Build configuration list for PBXProject "FortuneWheel" */ = {
			isa = XCConfigurationList;
			buildConfigurations = (
				3798B6FA223555F100379EB2 /* Debug */,
				3798B6FB223555F100379EB2 /* Release */,
			);
			defaultConfigurationIsVisible = 0;
			defaultConfigurationName = Release;
		};
		3798B6FC223555F100379EB2 /* Build configuration list for PBXNativeTarget "FortuneWheel" */ = {
			isa = XCConfigurationList;
			buildConfigurations = (
				3798B6FD223555F100379EB2 /* Debug */,
				3798B6FE223555F100379EB2 /* Release */,
			);
			defaultConfigurationIsVisible = 0;
			defaultConfigurationName = Release;
		};
		3798B6FF223555F100379EB2 /* Build configuration list for PBXNativeTarget "FortuneWheelTests" */ = {
			isa = XCConfigurationList;
			buildConfigurations = (
				3798B700223555F100379EB2 /* Debug */,
				3798B701223555F100379EB2 /* Release */,
			);
			defaultConfigurationIsVisible = 0;
			defaultConfigurationName = Release;
		};
/* End XCConfigurationList section */
	};
	rootObject = 3798B6D7223555EF00379EB2 /* Project object */;
}
